PODS:
  - Alamofire (4.5.1)
  - Cache (4.1.2)
  - HandyJSON (4.0.0-beta.1)
  - IQKeyboardManagerSwift (5.0.6)
  - Kingfisher (4.3.1)
  - MBProgressHUD (1.1.0)
  - MJRefresh (3.1.15)
  - Moya (10.0.0):
    - Moya/Core (= 10.0.0)
  - Moya/Core (10.0.0):
    - Alamofire (~> 4.1)
    - Result (~> 3.0)
  - Result (3.2.4)
  - SnapKit (4.0.0)

DEPENDENCIES:
  - Alamofire
  - Cache
  - HandyJSON (~> 4.0.0-beta.1)
  - IQKeyboardManagerSwift
  - Kingfisher
  - MBProgressHUD
  - MJRefresh
  - Moya
  - SnapKit

SPEC CHECKSUMS:
  Alamofire: 2d95912bf4c34f164fdfc335872e8c312acaea4a
  Cache: bd0233fc688b5e83a27bcd87807db7e6f23adcc5
  HandyJSON: 428bb18e2c34c2a77361accebf90cf64e4f74118
  IQKeyboardManagerSwift: 02bfbb0dff71c66d0ab77d80d25dfce0c3717735
  Kingfisher: 75541c4b62f02e1fde6f9772303de3d9ebe8f5b3
  MBProgressHUD: e7baa36a220447d8aeb12769bf0585582f3866d9
  MJRefresh: 9af70f5f9327a2cf87f0fb5929f35fcc2fa638ea
  Moya: adb58b0f4e58430db43cc6e2f6ebab1836501186
  Result: d2d07204ce72856f1fd9130bbe42c35a7b0fea10
  SnapKit: a42d492c16e80209130a3379f73596c3454b7694

PODFILE CHECKSUM: 4639d8238b832c3d080d66d806ded2ffae99ce4d

COCOAPODS: 1.2.0
