// !$*UTF8*$!
{
	archiveVersion = 1;
	classes = {
	};
	objectVersion = 48;
	objects = {

/* Begin PBXBuildFile section */
		9A102E2DC1C644552B39ADD6 /* Pods_MiaoShowSwift.framework in Frameworks */ = {isa = PBXBuildFile; fileRef = CBF81748E13D55829DCE176A /* Pods_MiaoShowSwift.framework */; };
		B90EB9FF20244DE300CA3EAC /* ZCAttentionViewController.swift in Sources */ = {isa = PBXBuildFile; fileRef = B90EB9FE20244DE300CA3EAC /* ZCAttentionViewController.swift */; };
		B90EBA0120244E7E00CA3EAC /* ZCShortVideosViewController.swift in Sources */ = {isa = PBXBuildFile; fileRef = B90EBA0020244E7E00CA3EAC /* ZCShortVideosViewController.swift */; };
		B90EBA0320244E8D00CA3EAC /* ZCGameViewController.swift in Sources */ = {isa = PBXBuildFile; fileRef = B90EBA0220244E8D00CA3EAC /* ZCGameViewController.swift */; };
		B90EBA0520244EA500CA3EAC /* ZCActivityViewController.swift in Sources */ = {isa = PBXBuildFile; fileRef = B90EBA0420244EA500CA3EAC /* ZCActivityViewController.swift */; };
		B90EBA08202450DF00CA3EAC /* ZCLiveRankViewController.swift in Sources */ = {isa = PBXBuildFile; fileRef = B90EBA07202450DF00CA3EAC /* ZCLiveRankViewController.swift */; };
		B90EBA0A20245B5C00CA3EAC /* UIView+ZCEaseBlankPageView.swift in Sources */ = {isa = PBXBuildFile; fileRef = B90EBA0920245B5C00CA3EAC /* UIView+ZCEaseBlankPageView.swift */; };
		B90EBA0C20245D2B00CA3EAC /* ZCEaseBlankPageView.swift in Sources */ = {isa = PBXBuildFile; fileRef = B90EBA0B20245D2B00CA3EAC /* ZCEaseBlankPageView.swift */; };
		B90EBA132028026D00CA3EAC /* ZCTabBarView.swift in Sources */ = {isa = PBXBuildFile; fileRef = B90EBA122028026D00CA3EAC /* ZCTabBarView.swift */; };
		B90EBA17202833D600CA3EAC /* NString+ZCExtension.swift in Sources */ = {isa = PBXBuildFile; fileRef = B90EBA16202833D600CA3EAC /* NString+ZCExtension.swift */; };
		B90EBA192028396C00CA3EAC /* ZCTabBarItemButton.swift in Sources */ = {isa = PBXBuildFile; fileRef = B90EBA182028396C00CA3EAC /* ZCTabBarItemButton.swift */; };
		B90EBA1C2028584100CA3EAC /* ZCMyInformationHeaderView.swift in Sources */ = {isa = PBXBuildFile; fileRef = B90EBA1B2028584100CA3EAC /* ZCMyInformationHeaderView.swift */; };
		B90EBA1E2029839600CA3EAC /* ZCMyInfoCell.swift in Sources */ = {isa = PBXBuildFile; fileRef = B90EBA1D2029839600CA3EAC /* ZCMyInfoCell.swift */; };
		B90EBA23202984BD00CA3EAC /* ZCMyInfoCellModel.swift in Sources */ = {isa = PBXBuildFile; fileRef = B90EBA22202984BD00CA3EAC /* ZCMyInfoCellModel.swift */; };
		B90EBA27202986F800CA3EAC /* ZCMyInfoCellDataSourceManager.swift in Sources */ = {isa = PBXBuildFile; fileRef = B90EBA26202986F800CA3EAC /* ZCMyInfoCellDataSourceManager.swift */; };
		B91AF9F6202404510049D996 /* ZCNewestCollectionViewCell.swift in Sources */ = {isa = PBXBuildFile; fileRef = B91AF9F5202404510049D996 /* ZCNewestCollectionViewCell.swift */; };
		B91AF9F82024080B0049D996 /* ZCNewestListModel.swift in Sources */ = {isa = PBXBuildFile; fileRef = B91AF9F72024080B0049D996 /* ZCNewestListModel.swift */; };
		B95336AD20172BD100B74B9C /* Assets.xcassets in Resources */ = {isa = PBXBuildFile; fileRef = B95336AC20172BD100B74B9C /* Assets.xcassets */; };
		B95336BB20172BD100B74B9C /* MiaoShowSwiftTests.swift in Sources */ = {isa = PBXBuildFile; fileRef = B95336BA20172BD100B74B9C /* MiaoShowSwiftTests.swift */; };
		B95336C620172BD100B74B9C /* MiaoShowSwiftUITests.swift in Sources */ = {isa = PBXBuildFile; fileRef = B95336C520172BD100B74B9C /* MiaoShowSwiftUITests.swift */; };
		B95336DD2017329300B74B9C /* ZCBaseViewController.swift in Sources */ = {isa = PBXBuildFile; fileRef = B95336DC2017329300B74B9C /* ZCBaseViewController.swift */; };
		B95336DF201732DC00B74B9C /* ZCLoginViewController.swift in Sources */ = {isa = PBXBuildFile; fileRef = B95336DE201732DC00B74B9C /* ZCLoginViewController.swift */; };
		B95336E32017368B00B74B9C /* ZCAdViewController.swift in Sources */ = {isa = PBXBuildFile; fileRef = B95336E22017368B00B74B9C /* ZCAdViewController.swift */; };
		B95336E7201744B100B74B9C /* AppDelegate.swift in Sources */ = {isa = PBXBuildFile; fileRef = B95336E6201744B100B74B9C /* AppDelegate.swift */; };
		B95336E9201744FE00B74B9C /* ZCAppControllerManager.swift in Sources */ = {isa = PBXBuildFile; fileRef = B95336E8201744FE00B74B9C /* ZCAppControllerManager.swift */; };
		B95336EC201746D900B74B9C /* ZCAdManager.swift in Sources */ = {isa = PBXBuildFile; fileRef = B95336EB201746D900B74B9C /* ZCAdManager.swift */; };
		B95336F12017596F00B74B9C /* ZCAccountManager.swift in Sources */ = {isa = PBXBuildFile; fileRef = B95336F02017596F00B74B9C /* ZCAccountManager.swift */; };
		B95336F5201825AD00B74B9C /* ZCSystemInfoTool.swift in Sources */ = {isa = PBXBuildFile; fileRef = B95336F4201825AD00B74B9C /* ZCSystemInfoTool.swift */; };
		B95336F92018568000B74B9C /* UIImageView+ZCCache.swift in Sources */ = {isa = PBXBuildFile; fileRef = B95336F82018568000B74B9C /* UIImageView+ZCCache.swift */; };
		B95336FC20185E9500B74B9C /* ZCCircleTimerView.swift in Sources */ = {isa = PBXBuildFile; fileRef = B95336FB20185E9500B74B9C /* ZCCircleTimerView.swift */; };
		B95337002019850A00B74B9C /* ZCMainViewController.swift in Sources */ = {isa = PBXBuildFile; fileRef = B95336FF2019850A00B74B9C /* ZCMainViewController.swift */; };
		B9533702201985C400B74B9C /* ZCBaseNavigationViewController.swift in Sources */ = {isa = PBXBuildFile; fileRef = B9533701201985C400B74B9C /* ZCBaseNavigationViewController.swift */; };
		B9533707201987B200B74B9C /* ZCHomeViewController.swift in Sources */ = {isa = PBXBuildFile; fileRef = B9533706201987B200B74B9C /* ZCHomeViewController.swift */; };
		B953370A2019A41F00B74B9C /* ZCMyViewController.swift in Sources */ = {isa = PBXBuildFile; fileRef = B95337092019A41F00B74B9C /* ZCMyViewController.swift */; };
		B9773C422019B00100C137A0 /* TencentOpenAPI.framework in Frameworks */ = {isa = PBXBuildFile; fileRef = B9773C412019B00100C137A0 /* TencentOpenAPI.framework */; };
		B9773C442019B03B00C137A0 /* SystemConfiguration.framework in Frameworks */ = {isa = PBXBuildFile; fileRef = B9773C432019B03B00C137A0 /* SystemConfiguration.framework */; };
		B9773C462019B04200C137A0 /* Security.framework in Frameworks */ = {isa = PBXBuildFile; fileRef = B9773C452019B04200C137A0 /* Security.framework */; };
		B9773C482019B04900C137A0 /* CoreTelephony.framework in Frameworks */ = {isa = PBXBuildFile; fileRef = B9773C472019B04900C137A0 /* CoreTelephony.framework */; };
		B9773C4A2019B05000C137A0 /* CoreGraphics.framework in Frameworks */ = {isa = PBXBuildFile; fileRef = B9773C492019B05000C137A0 /* CoreGraphics.framework */; };
		B9773C4C2019B05800C137A0 /* libiconv.tbd in Frameworks */ = {isa = PBXBuildFile; fileRef = B9773C4B2019B05800C137A0 /* libiconv.tbd */; };
		B9773C4E2019B06300C137A0 /* libsqlite3.tbd in Frameworks */ = {isa = PBXBuildFile; fileRef = B9773C4D2019B06300C137A0 /* libsqlite3.tbd */; };
		B9773C502019B06E00C137A0 /* libstdc++.tbd in Frameworks */ = {isa = PBXBuildFile; fileRef = B9773C4F2019B06E00C137A0 /* libstdc++.tbd */; };
		B9773C522019B07900C137A0 /* libz.tbd in Frameworks */ = {isa = PBXBuildFile; fileRef = B9773C512019B07900C137A0 /* libz.tbd */; };
		B9773C5A2019C2AA00C137A0 /* ZCAccount.swift in Sources */ = {isa = PBXBuildFile; fileRef = B9773C592019C2AA00C137A0 /* ZCAccount.swift */; };
		B9773C5D2019DAD200C137A0 /* UIView+ZCHud.swift in Sources */ = {isa = PBXBuildFile; fileRef = B9773C5C2019DAD200C137A0 /* UIView+ZCHud.swift */; };
		B9773C62201AC5D800C137A0 /* ZCHomeCategoryTitleView.swift in Sources */ = {isa = PBXBuildFile; fileRef = B9773C61201AC5D800C137A0 /* ZCHomeCategoryTitleView.swift */; };
		B9802DF4201B056C001A871E /* ZCHotViewController.swift in Sources */ = {isa = PBXBuildFile; fileRef = B9802DF3201B056C001A871E /* ZCHotViewController.swift */; };
		B9802DF6201B0581001A871E /* ZCNewestViewController.swift in Sources */ = {isa = PBXBuildFile; fileRef = B9802DF5201B0581001A871E /* ZCNewestViewController.swift */; };
		B9802DFF201B08D3001A871E /* CommonDefine.swift in Sources */ = {isa = PBXBuildFile; fileRef = B9802DFE201B08D3001A871E /* CommonDefine.swift */; };
		B9802E01201B1636001A871E /* UIView+ZCFrame.swift in Sources */ = {isa = PBXBuildFile; fileRef = B9802E00201B1636001A871E /* UIView+ZCFrame.swift */; };
		B9802E03201B22D5001A871E /* ZCHotBannerCollectionViewCell.swift in Sources */ = {isa = PBXBuildFile; fileRef = B9802E02201B22D5001A871E /* ZCHotBannerCollectionViewCell.swift */; };
		B9802E09201B2CFE001A871E /* ZCBannerView.swift in Sources */ = {isa = PBXBuildFile; fileRef = B9802E08201B2CFE001A871E /* ZCBannerView.swift */; };
		B9802E0E201F0EF4001A871E /* ZCApiService.swift in Sources */ = {isa = PBXBuildFile; fileRef = B9802E0D201F0EF4001A871E /* ZCApiService.swift */; };
		B9802E10201F13F9001A871E /* ZCApiServiceManager.swift in Sources */ = {isa = PBXBuildFile; fileRef = B9802E0F201F13F9001A871E /* ZCApiServiceManager.swift */; };
		B9802E12201F160C001A871E /* NetworkLoggerPlugin+Extension.swift in Sources */ = {isa = PBXBuildFile; fileRef = B9802E11201F160C001A871E /* NetworkLoggerPlugin+Extension.swift */; };
		B9802E19201F1B20001A871E /* ZCBaseResponseModel.swift in Sources */ = {isa = PBXBuildFile; fileRef = B9802E18201F1B20001A871E /* ZCBaseResponseModel.swift */; };
		B9802E1C201F1C33001A871E /* ZCLiveListModel.swift in Sources */ = {isa = PBXBuildFile; fileRef = B9802E1B201F1C33001A871E /* ZCLiveListModel.swift */; };
		B9802E1E201F2A74001A871E /* ZCBannerListModel.swift in Sources */ = {isa = PBXBuildFile; fileRef = B9802E1D201F2A74001A871E /* ZCBannerListModel.swift */; };
		B9802E2020204497001A871E /* ZCHotLiveCollectionViewCell.swift in Sources */ = {isa = PBXBuildFile; fileRef = B9802E1F20204497001A871E /* ZCHotLiveCollectionViewCell.swift */; };
		B9802E2520206034001A871E /* UIScrollView+ZCRefresh.swift in Sources */ = {isa = PBXBuildFile; fileRef = B9802E2420206034001A871E /* UIScrollView+ZCRefresh.swift */; };
		B9802E29202090AE001A871E /* UIColor+ZCExtension.swift in Sources */ = {isa = PBXBuildFile; fileRef = B9802E28202090AE001A871E /* UIColor+ZCExtension.swift */; };
		B993E700202A9ED800259599 /* ZCLiveViewController.swift in Sources */ = {isa = PBXBuildFile; fileRef = B993E6FF202A9ED800259599 /* ZCLiveViewController.swift */; };
		B993E706202AE6A400259599 /* ZCLiveCollectionViewCell.swift in Sources */ = {isa = PBXBuildFile; fileRef = B993E705202AE6A400259599 /* ZCLiveCollectionViewCell.swift */; };
		B993E709202B02A200259599 /* UIImage+ZCExtension.swift in Sources */ = {isa = PBXBuildFile; fileRef = B993E708202B02A200259599 /* UIImage+ZCExtension.swift */; };
		B993E70B202C1EE700259599 /* ZCLiveToolView.swift in Sources */ = {isa = PBXBuildFile; fileRef = B993E70A202C1EE700259599 /* ZCLiveToolView.swift */; };
		B9A247FC2021AAA500F45870 /* ZCAnimateNavAndTabViewController.swift in Sources */ = {isa = PBXBuildFile; fileRef = B9A247FB2021AAA500F45870 /* ZCAnimateNavAndTabViewController.swift */; };
		B9FF0582202C3BF200C3DA39 /* ZCLiveInfomationView.swift in Sources */ = {isa = PBXBuildFile; fileRef = B9FF0581202C3BF200C3DA39 /* ZCLiveInfomationView.swift */; };
		B9FF0584202C498F00C3DA39 /* ZCChaoyangUsersView.swift in Sources */ = {isa = PBXBuildFile; fileRef = B9FF0583202C498F00C3DA39 /* ZCChaoyangUsersView.swift */; };
		B9FF0587202C49CA00C3DA39 /* user.plist in Resources */ = {isa = PBXBuildFile; fileRef = B9FF0586202C49CA00C3DA39 /* user.plist */; };
		B9FF058A202C559E00C3DA39 /* ZCChaoyangUser.swift in Sources */ = {isa = PBXBuildFile; fileRef = B9FF0589202C559E00C3DA39 /* ZCChaoyangUser.swift */; };
		B9FF0592202D75ED00C3DA39 /* ZCPraiseEmitterLayer.swift in Sources */ = {isa = PBXBuildFile; fileRef = B9FF0591202D75ED00C3DA39 /* ZCPraiseEmitterLayer.swift */; };
/* End PBXBuildFile section */

/* Begin PBXContainerItemProxy section */
		B95336B720172BD100B74B9C /* PBXContainerItemProxy */ = {
			isa = PBXContainerItemProxy;
			containerPortal = B953369A20172BD100B74B9C /* Project object */;
			proxyType = 1;
			remoteGlobalIDString = B95336A120172BD100B74B9C;
			remoteInfo = MiaoShowSwift;
		};
		B95336C220172BD100B74B9C /* PBXContainerItemProxy */ = {
			isa = PBXContainerItemProxy;
			containerPortal = B953369A20172BD100B74B9C /* Project object */;
			proxyType = 1;
			remoteGlobalIDString = B95336A120172BD100B74B9C;
			remoteInfo = MiaoShowSwift;
		};
/* End PBXContainerItemProxy section */

/* Begin PBXFileReference section */
		357275C25F68F96FC7F55798 /* Pods-MiaoShowSwift.debug.xcconfig */ = {isa = PBXFileReference; includeInIndex = 1; lastKnownFileType = text.xcconfig; name = "Pods-MiaoShowSwift.debug.xcconfig"; path = "Pods/Target Support Files/Pods-MiaoShowSwift/Pods-MiaoShowSwift.debug.xcconfig"; sourceTree = "<group>"; };
		6F4E7271C9778A83CF68B2A2 /* Pods-MiaoShowSwift.release.xcconfig */ = {isa = PBXFileReference; includeInIndex = 1; lastKnownFileType = text.xcconfig; name = "Pods-MiaoShowSwift.release.xcconfig"; path = "Pods/Target Support Files/Pods-MiaoShowSwift/Pods-MiaoShowSwift.release.xcconfig"; sourceTree = "<group>"; };
		B90EB9FE20244DE300CA3EAC /* ZCAttentionViewController.swift */ = {isa = PBXFileReference; fileEncoding = 4; lastKnownFileType = sourcecode.swift; path = ZCAttentionViewController.swift; sourceTree = "<group>"; };
		B90EBA0020244E7E00CA3EAC /* ZCShortVideosViewController.swift */ = {isa = PBXFileReference; lastKnownFileType = sourcecode.swift; path = ZCShortVideosViewController.swift; sourceTree = "<group>"; };
		B90EBA0220244E8D00CA3EAC /* ZCGameViewController.swift */ = {isa = PBXFileReference; lastKnownFileType = sourcecode.swift; path = ZCGameViewController.swift; sourceTree = "<group>"; };
		B90EBA0420244EA500CA3EAC /* ZCActivityViewController.swift */ = {isa = PBXFileReference; lastKnownFileType = sourcecode.swift; path = ZCActivityViewController.swift; sourceTree = "<group>"; };
		B90EBA07202450DF00CA3EAC /* ZCLiveRankViewController.swift */ = {isa = PBXFileReference; lastKnownFileType = sourcecode.swift; path = ZCLiveRankViewController.swift; sourceTree = "<group>"; };
		B90EBA0920245B5C00CA3EAC /* UIView+ZCEaseBlankPageView.swift */ = {isa = PBXFileReference; lastKnownFileType = sourcecode.swift; path = "UIView+ZCEaseBlankPageView.swift"; sourceTree = "<group>"; };
		B90EBA0B20245D2B00CA3EAC /* ZCEaseBlankPageView.swift */ = {isa = PBXFileReference; lastKnownFileType = sourcecode.swift; path = ZCEaseBlankPageView.swift; sourceTree = "<group>"; };
		B90EBA122028026D00CA3EAC /* ZCTabBarView.swift */ = {isa = PBXFileReference; fileEncoding = 4; lastKnownFileType = sourcecode.swift; path = ZCTabBarView.swift; sourceTree = "<group>"; };
		B90EBA16202833D600CA3EAC /* NString+ZCExtension.swift */ = {isa = PBXFileReference; lastKnownFileType = sourcecode.swift; path = "NString+ZCExtension.swift"; sourceTree = "<group>"; };
		B90EBA182028396C00CA3EAC /* ZCTabBarItemButton.swift */ = {isa = PBXFileReference; lastKnownFileType = sourcecode.swift; path = ZCTabBarItemButton.swift; sourceTree = "<group>"; };
		B90EBA1B2028584100CA3EAC /* ZCMyInformationHeaderView.swift */ = {isa = PBXFileReference; lastKnownFileType = sourcecode.swift; path = ZCMyInformationHeaderView.swift; sourceTree = "<group>"; };
		B90EBA1D2029839600CA3EAC /* ZCMyInfoCell.swift */ = {isa = PBXFileReference; lastKnownFileType = sourcecode.swift; path = ZCMyInfoCell.swift; sourceTree = "<group>"; };
		B90EBA22202984BD00CA3EAC /* ZCMyInfoCellModel.swift */ = {isa = PBXFileReference; fileEncoding = 4; lastKnownFileType = sourcecode.swift; path = ZCMyInfoCellModel.swift; sourceTree = "<group>"; };
		B90EBA26202986F800CA3EAC /* ZCMyInfoCellDataSourceManager.swift */ = {isa = PBXFileReference; lastKnownFileType = sourcecode.swift; path = ZCMyInfoCellDataSourceManager.swift; sourceTree = "<group>"; };
		B91AF9F5202404510049D996 /* ZCNewestCollectionViewCell.swift */ = {isa = PBXFileReference; lastKnownFileType = sourcecode.swift; path = ZCNewestCollectionViewCell.swift; sourceTree = "<group>"; };
		B91AF9F72024080B0049D996 /* ZCNewestListModel.swift */ = {isa = PBXFileReference; lastKnownFileType = sourcecode.swift; path = ZCNewestListModel.swift; sourceTree = "<group>"; };
		B95336A220172BD100B74B9C /* MiaoShowSwift.app */ = {isa = PBXFileReference; explicitFileType = wrapper.application; includeInIndex = 0; path = MiaoShowSwift.app; sourceTree = BUILT_PRODUCTS_DIR; };
		B95336AC20172BD100B74B9C /* Assets.xcassets */ = {isa = PBXFileReference; lastKnownFileType = folder.assetcatalog; path = Assets.xcassets; sourceTree = "<group>"; };
		B95336B120172BD100B74B9C /* Info.plist */ = {isa = PBXFileReference; lastKnownFileType = text.plist.xml; path = Info.plist; sourceTree = "<group>"; };
		B95336B620172BD100B74B9C /* MiaoShowSwiftTests.xctest */ = {isa = PBXFileReference; explicitFileType = wrapper.cfbundle; includeInIndex = 0; path = MiaoShowSwiftTests.xctest; sourceTree = BUILT_PRODUCTS_DIR; };
		B95336BA20172BD100B74B9C /* MiaoShowSwiftTests.swift */ = {isa = PBXFileReference; lastKnownFileType = sourcecode.swift; path = MiaoShowSwiftTests.swift; sourceTree = "<group>"; };
		B95336BC20172BD100B74B9C /* Info.plist */ = {isa = PBXFileReference; lastKnownFileType = text.plist.xml; path = Info.plist; sourceTree = "<group>"; };
		B95336C120172BD100B74B9C /* MiaoShowSwiftUITests.xctest */ = {isa = PBXFileReference; explicitFileType = wrapper.cfbundle; includeInIndex = 0; path = MiaoShowSwiftUITests.xctest; sourceTree = BUILT_PRODUCTS_DIR; };
		B95336C520172BD100B74B9C /* MiaoShowSwiftUITests.swift */ = {isa = PBXFileReference; lastKnownFileType = sourcecode.swift; path = MiaoShowSwiftUITests.swift; sourceTree = "<group>"; };
		B95336C720172BD100B74B9C /* Info.plist */ = {isa = PBXFileReference; lastKnownFileType = text.plist.xml; path = Info.plist; sourceTree = "<group>"; };
		B95336DC2017329300B74B9C /* ZCBaseViewController.swift */ = {isa = PBXFileReference; lastKnownFileType = sourcecode.swift; path = ZCBaseViewController.swift; sourceTree = "<group>"; };
		B95336DE201732DC00B74B9C /* ZCLoginViewController.swift */ = {isa = PBXFileReference; lastKnownFileType = sourcecode.swift; path = ZCLoginViewController.swift; sourceTree = "<group>"; };
		B95336E22017368B00B74B9C /* ZCAdViewController.swift */ = {isa = PBXFileReference; lastKnownFileType = sourcecode.swift; path = ZCAdViewController.swift; sourceTree = "<group>"; };
		B95336E6201744B100B74B9C /* AppDelegate.swift */ = {isa = PBXFileReference; fileEncoding = 4; lastKnownFileType = sourcecode.swift; path = AppDelegate.swift; sourceTree = "<group>"; };
		B95336E8201744FE00B74B9C /* ZCAppControllerManager.swift */ = {isa = PBXFileReference; lastKnownFileType = sourcecode.swift; path = ZCAppControllerManager.swift; sourceTree = "<group>"; };
		B95336EB201746D900B74B9C /* ZCAdManager.swift */ = {isa = PBXFileReference; lastKnownFileType = sourcecode.swift; path = ZCAdManager.swift; sourceTree = "<group>"; };
		B95336F02017596F00B74B9C /* ZCAccountManager.swift */ = {isa = PBXFileReference; lastKnownFileType = sourcecode.swift; path = ZCAccountManager.swift; sourceTree = "<group>"; };
		B95336F4201825AD00B74B9C /* ZCSystemInfoTool.swift */ = {isa = PBXFileReference; lastKnownFileType = sourcecode.swift; path = ZCSystemInfoTool.swift; sourceTree = "<group>"; };
		B95336F82018568000B74B9C /* UIImageView+ZCCache.swift */ = {isa = PBXFileReference; lastKnownFileType = sourcecode.swift; path = "UIImageView+ZCCache.swift"; sourceTree = "<group>"; };
		B95336FB20185E9500B74B9C /* ZCCircleTimerView.swift */ = {isa = PBXFileReference; lastKnownFileType = sourcecode.swift; path = ZCCircleTimerView.swift; sourceTree = "<group>"; };
		B95336FF2019850A00B74B9C /* ZCMainViewController.swift */ = {isa = PBXFileReference; lastKnownFileType = sourcecode.swift; path = ZCMainViewController.swift; sourceTree = "<group>"; };
		B9533701201985C400B74B9C /* ZCBaseNavigationViewController.swift */ = {isa = PBXFileReference; lastKnownFileType = sourcecode.swift; path = ZCBaseNavigationViewController.swift; sourceTree = "<group>"; };
		B9533706201987B200B74B9C /* ZCHomeViewController.swift */ = {isa = PBXFileReference; lastKnownFileType = sourcecode.swift; path = ZCHomeViewController.swift; sourceTree = "<group>"; };
		B95337092019A41F00B74B9C /* ZCMyViewController.swift */ = {isa = PBXFileReference; lastKnownFileType = sourcecode.swift; path = ZCMyViewController.swift; sourceTree = "<group>"; };
		B9773C412019B00100C137A0 /* TencentOpenAPI.framework */ = {isa = PBXFileReference; lastKnownFileType = wrapper.framework; path = TencentOpenAPI.framework; sourceTree = "<group>"; };
		B9773C432019B03B00C137A0 /* SystemConfiguration.framework */ = {isa = PBXFileReference; lastKnownFileType = wrapper.framework; name = SystemConfiguration.framework; path = System/Library/Frameworks/SystemConfiguration.framework; sourceTree = SDKROOT; };
		B9773C452019B04200C137A0 /* Security.framework */ = {isa = PBXFileReference; lastKnownFileType = wrapper.framework; name = Security.framework; path = System/Library/Frameworks/Security.framework; sourceTree = SDKROOT; };
		B9773C472019B04900C137A0 /* CoreTelephony.framework */ = {isa = PBXFileReference; lastKnownFileType = wrapper.framework; name = CoreTelephony.framework; path = System/Library/Frameworks/CoreTelephony.framework; sourceTree = SDKROOT; };
		B9773C492019B05000C137A0 /* CoreGraphics.framework */ = {isa = PBXFileReference; lastKnownFileType = wrapper.framework; name = CoreGraphics.framework; path = System/Library/Frameworks/CoreGraphics.framework; sourceTree = SDKROOT; };
		B9773C4B2019B05800C137A0 /* libiconv.tbd */ = {isa = PBXFileReference; lastKnownFileType = "sourcecode.text-based-dylib-definition"; name = libiconv.tbd; path = usr/lib/libiconv.tbd; sourceTree = SDKROOT; };
		B9773C4D2019B06300C137A0 /* libsqlite3.tbd */ = {isa = PBXFileReference; lastKnownFileType = "sourcecode.text-based-dylib-definition"; name = libsqlite3.tbd; path = usr/lib/libsqlite3.tbd; sourceTree = SDKROOT; };
		B9773C4F2019B06E00C137A0 /* libstdc++.tbd */ = {isa = PBXFileReference; lastKnownFileType = "sourcecode.text-based-dylib-definition"; name = "libstdc++.tbd"; path = "usr/lib/libstdc++.tbd"; sourceTree = SDKROOT; };
		B9773C512019B07900C137A0 /* libz.tbd */ = {isa = PBXFileReference; lastKnownFileType = "sourcecode.text-based-dylib-definition"; name = libz.tbd; path = usr/lib/libz.tbd; sourceTree = SDKROOT; };
		B9773C532019B46300C137A0 /* MiaoShowSwift-Bridging-Header.h */ = {isa = PBXFileReference; lastKnownFileType = sourcecode.c.h; path = "MiaoShowSwift-Bridging-Header.h"; sourceTree = "<group>"; };
		B9773C592019C2AA00C137A0 /* ZCAccount.swift */ = {isa = PBXFileReference; lastKnownFileType = sourcecode.swift; path = ZCAccount.swift; sourceTree = "<group>"; };
		B9773C5C2019DAD200C137A0 /* UIView+ZCHud.swift */ = {isa = PBXFileReference; lastKnownFileType = sourcecode.swift; path = "UIView+ZCHud.swift"; sourceTree = "<group>"; };
		B9773C61201AC5D800C137A0 /* ZCHomeCategoryTitleView.swift */ = {isa = PBXFileReference; lastKnownFileType = sourcecode.swift; path = ZCHomeCategoryTitleView.swift; sourceTree = "<group>"; };
		B9802DF3201B056C001A871E /* ZCHotViewController.swift */ = {isa = PBXFileReference; lastKnownFileType = sourcecode.swift; path = ZCHotViewController.swift; sourceTree = "<group>"; };
		B9802DF5201B0581001A871E /* ZCNewestViewController.swift */ = {isa = PBXFileReference; lastKnownFileType = sourcecode.swift; path = ZCNewestViewController.swift; sourceTree = "<group>"; };
		B9802DFE201B08D3001A871E /* CommonDefine.swift */ = {isa = PBXFileReference; lastKnownFileType = sourcecode.swift; path = CommonDefine.swift; sourceTree = "<group>"; };
		B9802E00201B1636001A871E /* UIView+ZCFrame.swift */ = {isa = PBXFileReference; lastKnownFileType = sourcecode.swift; path = "UIView+ZCFrame.swift"; sourceTree = "<group>"; };
		B9802E02201B22D5001A871E /* ZCHotBannerCollectionViewCell.swift */ = {isa = PBXFileReference; lastKnownFileType = sourcecode.swift; path = ZCHotBannerCollectionViewCell.swift; sourceTree = "<group>"; };
		B9802E08201B2CFE001A871E /* ZCBannerView.swift */ = {isa = PBXFileReference; lastKnownFileType = sourcecode.swift; path = ZCBannerView.swift; sourceTree = "<group>"; };
		B9802E0D201F0EF4001A871E /* ZCApiService.swift */ = {isa = PBXFileReference; lastKnownFileType = sourcecode.swift; path = ZCApiService.swift; sourceTree = "<group>"; };
		B9802E0F201F13F9001A871E /* ZCApiServiceManager.swift */ = {isa = PBXFileReference; lastKnownFileType = sourcecode.swift; path = ZCApiServiceManager.swift; sourceTree = "<group>"; };
		B9802E11201F160C001A871E /* NetworkLoggerPlugin+Extension.swift */ = {isa = PBXFileReference; fileEncoding = 4; lastKnownFileType = sourcecode.swift; path = "NetworkLoggerPlugin+Extension.swift"; sourceTree = "<group>"; };
		B9802E18201F1B20001A871E /* ZCBaseResponseModel.swift */ = {isa = PBXFileReference; fileEncoding = 4; lastKnownFileType = sourcecode.swift; path = ZCBaseResponseModel.swift; sourceTree = "<group>"; };
		B9802E1B201F1C33001A871E /* ZCLiveListModel.swift */ = {isa = PBXFileReference; lastKnownFileType = sourcecode.swift; path = ZCLiveListModel.swift; sourceTree = "<group>"; };
		B9802E1D201F2A74001A871E /* ZCBannerListModel.swift */ = {isa = PBXFileReference; lastKnownFileType = sourcecode.swift; path = ZCBannerListModel.swift; sourceTree = "<group>"; };
		B9802E1F20204497001A871E /* ZCHotLiveCollectionViewCell.swift */ = {isa = PBXFileReference; lastKnownFileType = sourcecode.swift; path = ZCHotLiveCollectionViewCell.swift; sourceTree = "<group>"; };
		B9802E2420206034001A871E /* UIScrollView+ZCRefresh.swift */ = {isa = PBXFileReference; lastKnownFileType = sourcecode.swift; path = "UIScrollView+ZCRefresh.swift"; sourceTree = "<group>"; };
		B9802E28202090AE001A871E /* UIColor+ZCExtension.swift */ = {isa = PBXFileReference; lastKnownFileType = sourcecode.swift; path = "UIColor+ZCExtension.swift"; sourceTree = "<group>"; };
		B993E6FF202A9ED800259599 /* ZCLiveViewController.swift */ = {isa = PBXFileReference; lastKnownFileType = sourcecode.swift; path = ZCLiveViewController.swift; sourceTree = "<group>"; };
		B993E705202AE6A400259599 /* ZCLiveCollectionViewCell.swift */ = {isa = PBXFileReference; lastKnownFileType = sourcecode.swift; path = ZCLiveCollectionViewCell.swift; sourceTree = "<group>"; };
		B993E708202B02A200259599 /* UIImage+ZCExtension.swift */ = {isa = PBXFileReference; lastKnownFileType = sourcecode.swift; path = "UIImage+ZCExtension.swift"; sourceTree = "<group>"; };
		B993E70A202C1EE700259599 /* ZCLiveToolView.swift */ = {isa = PBXFileReference; lastKnownFileType = sourcecode.swift; path = ZCLiveToolView.swift; sourceTree = "<group>"; };
		B9A247FB2021AAA500F45870 /* ZCAnimateNavAndTabViewController.swift */ = {isa = PBXFileReference; lastKnownFileType = sourcecode.swift; path = ZCAnimateNavAndTabViewController.swift; sourceTree = "<group>"; };
		B9FF0581202C3BF200C3DA39 /* ZCLiveInfomationView.swift */ = {isa = PBXFileReference; lastKnownFileType = sourcecode.swift; path = ZCLiveInfomationView.swift; sourceTree = "<group>"; };
		B9FF0583202C498F00C3DA39 /* ZCChaoyangUsersView.swift */ = {isa = PBXFileReference; lastKnownFileType = sourcecode.swift; path = ZCChaoyangUsersView.swift; sourceTree = "<group>"; };
		B9FF0586202C49CA00C3DA39 /* user.plist */ = {isa = PBXFileReference; fileEncoding = 4; lastKnownFileType = text.plist.xml; path = user.plist; sourceTree = "<group>"; };
		B9FF0589202C559E00C3DA39 /* ZCChaoyangUser.swift */ = {isa = PBXFileReference; lastKnownFileType = sourcecode.swift; path = ZCChaoyangUser.swift; sourceTree = "<group>"; };
		B9FF0591202D75ED00C3DA39 /* ZCPraiseEmitterLayer.swift */ = {isa = PBXFileReference; lastKnownFileType = sourcecode.swift; path = ZCPraiseEmitterLayer.swift; sourceTree = "<group>"; };
		CBF81748E13D55829DCE176A /* Pods_MiaoShowSwift.framework */ = {isa = PBXFileReference; explicitFileType = wrapper.framework; includeInIndex = 0; path = Pods_MiaoShowSwift.framework; sourceTree = BUILT_PRODUCTS_DIR; };
/* End PBXFileReference section */

/* Begin PBXFrameworksBuildPhase section */
		B953369F20172BD100B74B9C /* Frameworks */ = {
			isa = PBXFrameworksBuildPhase;
			buildActionMask = 2147483647;
			files = (
				B9773C522019B07900C137A0 /* libz.tbd in Frameworks */,
				B9773C502019B06E00C137A0 /* libstdc++.tbd in Frameworks */,
				B9773C4E2019B06300C137A0 /* libsqlite3.tbd in Frameworks */,
				B9773C4C2019B05800C137A0 /* libiconv.tbd in Frameworks */,
				B9773C4A2019B05000C137A0 /* CoreGraphics.framework in Frameworks */,
				B9773C482019B04900C137A0 /* CoreTelephony.framework in Frameworks */,
				B9773C462019B04200C137A0 /* Security.framework in Frameworks */,
				B9773C442019B03B00C137A0 /* SystemConfiguration.framework in Frameworks */,
				9A102E2DC1C644552B39ADD6 /* Pods_MiaoShowSwift.framework in Frameworks */,
				B9773C422019B00100C137A0 /* TencentOpenAPI.framework in Frameworks */,
			);
			runOnlyForDeploymentPostprocessing = 0;
		};
		B95336B320172BD100B74B9C /* Frameworks */ = {
			isa = PBXFrameworksBuildPhase;
			buildActionMask = 2147483647;
			files = (
			);
			runOnlyForDeploymentPostprocessing = 0;
		};
		B95336BE20172BD100B74B9C /* Frameworks */ = {
			isa = PBXFrameworksBuildPhase;
			buildActionMask = 2147483647;
			files = (
			);
			runOnlyForDeploymentPostprocessing = 0;
		};
/* End PBXFrameworksBuildPhase section */

/* Begin PBXGroup section */
		40CEC90264502F3514C5F233 /* Frameworks */ = {
			isa = PBXGroup;
			children = (
				B9773C512019B07900C137A0 /* libz.tbd */,
				B9773C4F2019B06E00C137A0 /* libstdc++.tbd */,
				B9773C4D2019B06300C137A0 /* libsqlite3.tbd */,
				B9773C4B2019B05800C137A0 /* libiconv.tbd */,
				B9773C492019B05000C137A0 /* CoreGraphics.framework */,
				B9773C472019B04900C137A0 /* CoreTelephony.framework */,
				B9773C452019B04200C137A0 /* Security.framework */,
				B9773C432019B03B00C137A0 /* SystemConfiguration.framework */,
				CBF81748E13D55829DCE176A /* Pods_MiaoShowSwift.framework */,
			);
			name = Frameworks;
			sourceTree = "<group>";
		};
		A16548EEC14EC2438B0088F0 /* Pods */ = {
			isa = PBXGroup;
			children = (
				357275C25F68F96FC7F55798 /* Pods-MiaoShowSwift.debug.xcconfig */,
				6F4E7271C9778A83CF68B2A2 /* Pods-MiaoShowSwift.release.xcconfig */,
			);
			name = Pods;
			sourceTree = "<group>";
		};
		B90EB9FB20244CE800CA3EAC /* Attention */ = {
			isa = PBXGroup;
			children = (
				B90EB9FD20244D6600CA3EAC /* Controllers */,
			);
			path = Attention;
			sourceTree = "<group>";
		};
		B90EB9FC20244D0F00CA3EAC /* Rank */ = {
			isa = PBXGroup;
			children = (
				B90EBA06202450BA00CA3EAC /* Controllers */,
			);
			path = Rank;
			sourceTree = "<group>";
		};
		B90EB9FD20244D6600CA3EAC /* Controllers */ = {
			isa = PBXGroup;
			children = (
				B90EB9FE20244DE300CA3EAC /* ZCAttentionViewController.swift */,
			);
			path = Controllers;
			sourceTree = "<group>";
		};
		B90EBA06202450BA00CA3EAC /* Controllers */ = {
			isa = PBXGroup;
			children = (
				B90EBA07202450DF00CA3EAC /* ZCLiveRankViewController.swift */,
			);
			path = Controllers;
			sourceTree = "<group>";
		};
		B90EBA0D2027FCAD00CA3EAC /* Views */ = {
			isa = PBXGroup;
			children = (
				B90EBA122028026D00CA3EAC /* ZCTabBarView.swift */,
				B90EBA182028396C00CA3EAC /* ZCTabBarItemButton.swift */,
			);
			path = Views;
			sourceTree = "<group>";
		};
		B90EBA1A2028582A00CA3EAC /* Views */ = {
			isa = PBXGroup;
			children = (
				B90EBA1B2028584100CA3EAC /* ZCMyInformationHeaderView.swift */,
				B90EBA1D2029839600CA3EAC /* ZCMyInfoCell.swift */,
			);
			path = Views;
			sourceTree = "<group>";
		};
		B90EBA212029849900CA3EAC /* Models */ = {
			isa = PBXGroup;
			children = (
				B90EBA22202984BD00CA3EAC /* ZCMyInfoCellModel.swift */,
				B90EBA26202986F800CA3EAC /* ZCMyInfoCellDataSourceManager.swift */,
			);
			path = Models;
			sourceTree = "<group>";
		};
		B953369920172BD100B74B9C = {
			isa = PBXGroup;
			children = (
				B95336A420172BD100B74B9C /* MiaoShowSwift */,
				B95336B920172BD100B74B9C /* MiaoShowSwiftTests */,
				B95336C420172BD100B74B9C /* MiaoShowSwiftUITests */,
				B95336A320172BD100B74B9C /* Products */,
				A16548EEC14EC2438B0088F0 /* Pods */,
				40CEC90264502F3514C5F233 /* Frameworks */,
			);
			sourceTree = "<group>";
		};
		B95336A320172BD100B74B9C /* Products */ = {
			isa = PBXGroup;
			children = (
				B95336A220172BD100B74B9C /* MiaoShowSwift.app */,
				B95336B620172BD100B74B9C /* MiaoShowSwiftTests.xctest */,
				B95336C120172BD100B74B9C /* MiaoShowSwiftUITests.xctest */,
			);
			name = Products;
			sourceTree = "<group>";
		};
		B95336A420172BD100B74B9C /* MiaoShowSwift */ = {
			isa = PBXGroup;
			children = (
				B9773C532019B46300C137A0 /* MiaoShowSwift-Bridging-Header.h */,
				B95336AC20172BD100B74B9C /* Assets.xcassets */,
				B95336B120172BD100B74B9C /* Info.plist */,
				B9FF0585202C49AB00C3DA39 /* Resources */,
				B9773C402019AFD600C137A0 /* Frameworks */,
				B95336D520172DAC00B74B9C /* Classes */,
			);
			path = MiaoShowSwift;
			sourceTree = "<group>";
		};
		B95336B920172BD100B74B9C /* MiaoShowSwiftTests */ = {
			isa = PBXGroup;
			children = (
				B95336BA20172BD100B74B9C /* MiaoShowSwiftTests.swift */,
				B95336BC20172BD100B74B9C /* Info.plist */,
			);
			path = MiaoShowSwiftTests;
			sourceTree = "<group>";
		};
		B95336C420172BD100B74B9C /* MiaoShowSwiftUITests */ = {
			isa = PBXGroup;
			children = (
				B95336C520172BD100B74B9C /* MiaoShowSwiftUITests.swift */,
				B95336C720172BD100B74B9C /* Info.plist */,
			);
			path = MiaoShowSwiftUITests;
			sourceTree = "<group>";
		};
		B95336D520172DAC00B74B9C /* Classes */ = {
			isa = PBXGroup;
			children = (
				B993E6FD202A9B2C00259599 /* Live */,
				B95336F22018253900B74B9C /* Tools */,
				B95336E52017448600B74B9C /* AppController */,
				B9802DFD201B08B1001A871E /* Defines */,
				B9802E04201B29DE001A871E /* Common */,
				B9802E0C201F0ED8001A871E /* Network */,
				B95336FD2019849400B74B9C /* Main */,
				B95336D82017324A00B74B9C /* Base */,
				B90EB9FC20244D0F00CA3EAC /* Rank */,
				B90EB9FB20244CE800CA3EAC /* Attention */,
				B95337042019875300B74B9C /* My */,
				B95337032019874A00B74B9C /* Home */,
				B95336E02017365200B74B9C /* AD */,
				B95336D620172E4500B74B9C /* Account */,
			);
			path = Classes;
			sourceTree = "<group>";
		};
		B95336D620172E4500B74B9C /* Account */ = {
			isa = PBXGroup;
			children = (
				B95336EF2017594700B74B9C /* Models */,
				B95336D720172E5400B74B9C /* Controllers */,
			);
			path = Account;
			sourceTree = "<group>";
		};
		B95336D720172E5400B74B9C /* Controllers */ = {
			isa = PBXGroup;
			children = (
				B95336DE201732DC00B74B9C /* ZCLoginViewController.swift */,
			);
			path = Controllers;
			sourceTree = "<group>";
		};
		B95336D82017324A00B74B9C /* Base */ = {
			isa = PBXGroup;
			children = (
				B9802E17201F1B04001A871E /* Models */,
				B95336D92017325B00B74B9C /* Controllers */,
			);
			path = Base;
			sourceTree = "<group>";
		};
		B95336D92017325B00B74B9C /* Controllers */ = {
			isa = PBXGroup;
			children = (
				B95336DC2017329300B74B9C /* ZCBaseViewController.swift */,
				B9533701201985C400B74B9C /* ZCBaseNavigationViewController.swift */,
				B9A247FB2021AAA500F45870 /* ZCAnimateNavAndTabViewController.swift */,
			);
			path = Controllers;
			sourceTree = "<group>";
		};
		B95336E02017365200B74B9C /* AD */ = {
			isa = PBXGroup;
			children = (
				B95336FA20185E8700B74B9C /* Views */,
				B95336EA201746BE00B74B9C /* Models */,
				B95336E12017366C00B74B9C /* Controllers */,
			);
			path = AD;
			sourceTree = "<group>";
		};
		B95336E12017366C00B74B9C /* Controllers */ = {
			isa = PBXGroup;
			children = (
				B95336E22017368B00B74B9C /* ZCAdViewController.swift */,
			);
			path = Controllers;
			sourceTree = "<group>";
		};
		B95336E52017448600B74B9C /* AppController */ = {
			isa = PBXGroup;
			children = (
				B95336E6201744B100B74B9C /* AppDelegate.swift */,
				B95336E8201744FE00B74B9C /* ZCAppControllerManager.swift */,
			);
			path = AppController;
			sourceTree = "<group>";
		};
		B95336EA201746BE00B74B9C /* Models */ = {
			isa = PBXGroup;
			children = (
				B95336EB201746D900B74B9C /* ZCAdManager.swift */,
			);
			path = Models;
			sourceTree = "<group>";
		};
		B95336EF2017594700B74B9C /* Models */ = {
			isa = PBXGroup;
			children = (
				B95336F02017596F00B74B9C /* ZCAccountManager.swift */,
				B9773C592019C2AA00C137A0 /* ZCAccount.swift */,
			);
			path = Models;
			sourceTree = "<group>";
		};
		B95336F22018253900B74B9C /* Tools */ = {
			isa = PBXGroup;
			children = (
				B95336F62018562500B74B9C /* UIFoundation */,
				B95336F32018258500B74B9C /* Foundation */,
			);
			path = Tools;
			sourceTree = "<group>";
		};
		B95336F32018258500B74B9C /* Foundation */ = {
			isa = PBXGroup;
			children = (
				B95336F4201825AD00B74B9C /* ZCSystemInfoTool.swift */,
				B9802E28202090AE001A871E /* UIColor+ZCExtension.swift */,
				B90EBA16202833D600CA3EAC /* NString+ZCExtension.swift */,
			);
			path = Foundation;
			sourceTree = "<group>";
		};
		B95336F62018562500B74B9C /* UIFoundation */ = {
			isa = PBXGroup;
			children = (
				B993E707202B028900259599 /* UIImage */,
				B9802E2220205FD2001A871E /* UIScrollView */,
				B9773C5B2019DA0F00C137A0 /* UIView */,
				B95336F72018563B00B74B9C /* UIImageView */,
			);
			path = UIFoundation;
			sourceTree = "<group>";
		};
		B95336F72018563B00B74B9C /* UIImageView */ = {
			isa = PBXGroup;
			children = (
				B95336F82018568000B74B9C /* UIImageView+ZCCache.swift */,
			);
			path = UIImageView;
			sourceTree = "<group>";
		};
		B95336FA20185E8700B74B9C /* Views */ = {
			isa = PBXGroup;
			children = (
				B95336FB20185E9500B74B9C /* ZCCircleTimerView.swift */,
			);
			path = Views;
			sourceTree = "<group>";
		};
		B95336FD2019849400B74B9C /* Main */ = {
			isa = PBXGroup;
			children = (
				B90EBA0D2027FCAD00CA3EAC /* Views */,
				B95336FE201984B700B74B9C /* Controllers */,
			);
			path = Main;
			sourceTree = "<group>";
		};
		B95336FE201984B700B74B9C /* Controllers */ = {
			isa = PBXGroup;
			children = (
				B95336FF2019850A00B74B9C /* ZCMainViewController.swift */,
			);
			path = Controllers;
			sourceTree = "<group>";
		};
		B95337032019874A00B74B9C /* Home */ = {
			isa = PBXGroup;
			children = (
				B9802E1A201F1B80001A871E /* Models */,
				B9773C60201AC4CF00C137A0 /* Views */,
				B9533708201987E800B74B9C /* Controllers */,
			);
			path = Home;
			sourceTree = "<group>";
		};
		B95337042019875300B74B9C /* My */ = {
			isa = PBXGroup;
			children = (
				B90EBA212029849900CA3EAC /* Models */,
				B90EBA1A2028582A00CA3EAC /* Views */,
				B95337052019879700B74B9C /* Controllers */,
			);
			path = My;
			sourceTree = "<group>";
		};
		B95337052019879700B74B9C /* Controllers */ = {
			isa = PBXGroup;
			children = (
				B95337092019A41F00B74B9C /* ZCMyViewController.swift */,
			);
			path = Controllers;
			sourceTree = "<group>";
		};
		B9533708201987E800B74B9C /* Controllers */ = {
			isa = PBXGroup;
			children = (
				B9533706201987B200B74B9C /* ZCHomeViewController.swift */,
				B9802DF3201B056C001A871E /* ZCHotViewController.swift */,
				B9802DF5201B0581001A871E /* ZCNewestViewController.swift */,
				B90EBA0020244E7E00CA3EAC /* ZCShortVideosViewController.swift */,
				B90EBA0220244E8D00CA3EAC /* ZCGameViewController.swift */,
				B90EBA0420244EA500CA3EAC /* ZCActivityViewController.swift */,
			);
			path = Controllers;
			sourceTree = "<group>";
		};
		B9773C402019AFD600C137A0 /* Frameworks */ = {
			isa = PBXGroup;
			children = (
				B9773C412019B00100C137A0 /* TencentOpenAPI.framework */,
			);
			path = Frameworks;
			sourceTree = "<group>";
		};
		B9773C5B2019DA0F00C137A0 /* UIView */ = {
			isa = PBXGroup;
			children = (
				B9773C5C2019DAD200C137A0 /* UIView+ZCHud.swift */,
				B9802E00201B1636001A871E /* UIView+ZCFrame.swift */,
				B90EBA0920245B5C00CA3EAC /* UIView+ZCEaseBlankPageView.swift */,
				B90EBA0B20245D2B00CA3EAC /* ZCEaseBlankPageView.swift */,
			);
			path = UIView;
			sourceTree = "<group>";
		};
		B9773C60201AC4CF00C137A0 /* Views */ = {
			isa = PBXGroup;
			children = (
				B9773C61201AC5D800C137A0 /* ZCHomeCategoryTitleView.swift */,
				B9802E02201B22D5001A871E /* ZCHotBannerCollectionViewCell.swift */,
				B9802E1F20204497001A871E /* ZCHotLiveCollectionViewCell.swift */,
				B91AF9F5202404510049D996 /* ZCNewestCollectionViewCell.swift */,
			);
			path = Views;
			sourceTree = "<group>";
		};
		B9802DFD201B08B1001A871E /* Defines */ = {
			isa = PBXGroup;
			children = (
				B9802DFE201B08D3001A871E /* CommonDefine.swift */,
			);
			path = Defines;
			sourceTree = "<group>";
		};
		B9802E04201B29DE001A871E /* Common */ = {
			isa = PBXGroup;
			children = (
				B9802E05201B29F6001A871E /* Views */,
			);
			path = Common;
			sourceTree = "<group>";
		};
		B9802E05201B29F6001A871E /* Views */ = {
			isa = PBXGroup;
			children = (
				B9802E08201B2CFE001A871E /* ZCBannerView.swift */,
			);
			path = Views;
			sourceTree = "<group>";
		};
		B9802E0C201F0ED8001A871E /* Network */ = {
			isa = PBXGroup;
			children = (
				B9802E0D201F0EF4001A871E /* ZCApiService.swift */,
				B9802E0F201F13F9001A871E /* ZCApiServiceManager.swift */,
				B9802E11201F160C001A871E /* NetworkLoggerPlugin+Extension.swift */,
			);
			path = Network;
			sourceTree = "<group>";
		};
		B9802E17201F1B04001A871E /* Models */ = {
			isa = PBXGroup;
			children = (
				B9802E18201F1B20001A871E /* ZCBaseResponseModel.swift */,
			);
			path = Models;
			sourceTree = "<group>";
		};
		B9802E1A201F1B80001A871E /* Models */ = {
			isa = PBXGroup;
			children = (
				B9802E1B201F1C33001A871E /* ZCLiveListModel.swift */,
				B9802E1D201F2A74001A871E /* ZCBannerListModel.swift */,
				B91AF9F72024080B0049D996 /* ZCNewestListModel.swift */,
			);
			path = Models;
			sourceTree = "<group>";
		};
		B9802E2220205FD2001A871E /* UIScrollView */ = {
			isa = PBXGroup;
			children = (
				B9802E2320205FE4001A871E /* Refresh */,
			);
			path = UIScrollView;
			sourceTree = "<group>";
		};
		B9802E2320205FE4001A871E /* Refresh */ = {
			isa = PBXGroup;
			children = (
				B9802E2420206034001A871E /* UIScrollView+ZCRefresh.swift */,
			);
			path = Refresh;
			sourceTree = "<group>";
		};
		B993E6FD202A9B2C00259599 /* Live */ = {
			isa = PBXGroup;
			children = (
				B9FF0588202C558400C3DA39 /* Models */,
				B993E701202A9F1E00259599 /* Views */,
				B993E6FE202A9E8300259599 /* ViewControllers */,
			);
			path = Live;
			sourceTree = "<group>";
		};
		B993E6FE202A9E8300259599 /* ViewControllers */ = {
			isa = PBXGroup;
			children = (
				B993E6FF202A9ED800259599 /* ZCLiveViewController.swift */,
			);
			path = ViewControllers;
			sourceTree = "<group>";
		};
		B993E701202A9F1E00259599 /* Views */ = {
			isa = PBXGroup;
			children = (
				B993E705202AE6A400259599 /* ZCLiveCollectionViewCell.swift */,
				B993E70A202C1EE700259599 /* ZCLiveToolView.swift */,
				B9FF0581202C3BF200C3DA39 /* ZCLiveInfomationView.swift */,
				B9FF0583202C498F00C3DA39 /* ZCChaoyangUsersView.swift */,
				B9FF0591202D75ED00C3DA39 /* ZCPraiseEmitterLayer.swift */,
			);
			path = Views;
			sourceTree = "<group>";
		};
		B993E707202B028900259599 /* UIImage */ = {
			isa = PBXGroup;
			children = (
				B993E708202B02A200259599 /* UIImage+ZCExtension.swift */,
			);
			path = UIImage;
			sourceTree = "<group>";
		};
		B9FF0585202C49AB00C3DA39 /* Resources */ = {
			isa = PBXGroup;
			children = (
				B9FF0586202C49CA00C3DA39 /* user.plist */,
			);
			path = Resources;
			sourceTree = "<group>";
		};
		B9FF0588202C558400C3DA39 /* Models */ = {
			isa = PBXGroup;
			children = (
				B9FF0589202C559E00C3DA39 /* ZCChaoyangUser.swift */,
			);
			path = Models;
			sourceTree = "<group>";
		};
/* End PBXGroup section */

/* Begin PBXNativeTarget section */
		B95336A120172BD100B74B9C /* MiaoShowSwift */ = {
			isa = PBXNativeTarget;
			buildConfigurationList = B95336CA20172BD100B74B9C /* Build configuration list for PBXNativeTarget "MiaoShowSwift" */;
			buildPhases = (
				3B3E3932811AA03D8E3D12B8 /* [CP] Check Pods Manifest.lock */,
				B953369E20172BD100B74B9C /* Sources */,
				B953369F20172BD100B74B9C /* Frameworks */,
				B95336A020172BD100B74B9C /* Resources */,
				C6463D5D5282DD905E508DEA /* [CP] Embed Pods Frameworks */,
				D1CEECD9B2E295F24E96187A /* [CP] Copy Pods Resources */,
			);
			buildRules = (
			);
			dependencies = (
			);
			name = MiaoShowSwift;
			productName = MiaoShowSwift;
			productReference = B95336A220172BD100B74B9C /* MiaoShowSwift.app */;
			productType = "com.apple.product-type.application";
		};
		B95336B520172BD100B74B9C /* MiaoShowSwiftTests */ = {
			isa = PBXNativeTarget;
			buildConfigurationList = B95336CD20172BD100B74B9C /* Build configuration list for PBXNativeTarget "MiaoShowSwiftTests" */;
			buildPhases = (
				B95336B220172BD100B74B9C /* Sources */,
				B95336B320172BD100B74B9C /* Frameworks */,
				B95336B420172BD100B74B9C /* Resources */,
			);
			buildRules = (
			);
			dependencies = (
				B95336B820172BD100B74B9C /* PBXTargetDependency */,
			);
			name = MiaoShowSwiftTests;
			productName = MiaoShowSwiftTests;
			productReference = B95336B620172BD100B74B9C /* MiaoShowSwiftTests.xctest */;
			productType = "com.apple.product-type.bundle.unit-test";
		};
		B95336C020172BD100B74B9C /* MiaoShowSwiftUITests */ = {
			isa = PBXNativeTarget;
			buildConfigurationList = B95336D020172BD100B74B9C /* Build configuration list for PBXNativeTarget "MiaoShowSwiftUITests" */;
			buildPhases = (
				B95336BD20172BD100B74B9C /* Sources */,
				B95336BE20172BD100B74B9C /* Frameworks */,
				B95336BF20172BD100B74B9C /* Resources */,
			);
			buildRules = (
			);
			dependencies = (
				B95336C320172BD100B74B9C /* PBXTargetDependency */,
			);
			name = MiaoShowSwiftUITests;
			productName = MiaoShowSwiftUITests;
			productReference = B95336C120172BD100B74B9C /* MiaoShowSwiftUITests.xctest */;
			productType = "com.apple.product-type.bundle.ui-testing";
		};
/* End PBXNativeTarget section */

/* Begin PBXProject section */
		B953369A20172BD100B74B9C /* Project object */ = {
			isa = PBXProject;
			attributes = {
				CLASSPREFIX = ZC;
				LastSwiftUpdateCheck = 0920;
				LastUpgradeCheck = 0920;
				ORGANIZATIONNAME = "赵琛";
				TargetAttributes = {
					B95336A120172BD100B74B9C = {
						CreatedOnToolsVersion = 9.2;
						LastSwiftMigration = 0920;
						ProvisioningStyle = Manual;
					};
					B95336B520172BD100B74B9C = {
						CreatedOnToolsVersion = 9.2;
						ProvisioningStyle = Automatic;
						TestTargetID = B95336A120172BD100B74B9C;
					};
					B95336C020172BD100B74B9C = {
						CreatedOnToolsVersion = 9.2;
						ProvisioningStyle = Automatic;
						TestTargetID = B95336A120172BD100B74B9C;
					};
				};
			};
			buildConfigurationList = B953369D20172BD100B74B9C /* Build configuration list for PBXProject "MiaoShowSwift" */;
			compatibilityVersion = "Xcode 8.0";
			developmentRegion = en;
			hasScannedForEncodings = 0;
			knownRegions = (
				en,
				Base,
			);
			mainGroup = B953369920172BD100B74B9C;
			productRefGroup = B95336A320172BD100B74B9C /* Products */;
			projectDirPath = "";
			projectRoot = "";
			targets = (
				B95336A120172BD100B74B9C /* MiaoShowSwift */,
				B95336B520172BD100B74B9C /* MiaoShowSwiftTests */,
				B95336C020172BD100B74B9C /* MiaoShowSwiftUITests */,
			);
		};
/* End PBXProject section */

/* Begin PBXResourcesBuildPhase section */
		B95336A020172BD100B74B9C /* Resources */ = {
			isa = PBXResourcesBuildPhase;
			buildActionMask = 2147483647;
			files = (
				B95336AD20172BD100B74B9C /* Assets.xcassets in Resources */,
				B9FF0587202C49CA00C3DA39 /* user.plist in Resources */,
			);
			runOnlyForDeploymentPostprocessing = 0;
		};
		B95336B420172BD100B74B9C /* Resources */ = {
			isa = PBXResourcesBuildPhase;
			buildActionMask = 2147483647;
			files = (
			);
			runOnlyForDeploymentPostprocessing = 0;
		};
		B95336BF20172BD100B74B9C /* Resources */ = {
			isa = PBXResourcesBuildPhase;
			buildActionMask = 2147483647;
			files = (
			);
			runOnlyForDeploymentPostprocessing = 0;
		};
/* End PBXResourcesBuildPhase section */

/* Begin PBXShellScriptBuildPhase section */
		3B3E3932811AA03D8E3D12B8 /* [CP] Check Pods Manifest.lock */ = {
			isa = PBXShellScriptBuildPhase;
			buildActionMask = 2147483647;
			files = (
			);
			inputPaths = (
			);
			name = "[CP] Check Pods Manifest.lock";
			outputPaths = (
			);
			runOnlyForDeploymentPostprocessing = 0;
			shellPath = /bin/sh;
			shellScript = "diff \"${PODS_ROOT}/../Podfile.lock\" \"${PODS_ROOT}/Manifest.lock\" > /dev/null\nif [ $? != 0 ] ; then\n    # print error to STDERR\n    echo \"error: The sandbox is not in sync with the Podfile.lock. Run 'pod install' or update your CocoaPods installation.\" >&2\n    exit 1\nfi\n";
			showEnvVarsInLog = 0;
		};
		C6463D5D5282DD905E508DEA /* [CP] Embed Pods Frameworks */ = {
			isa = PBXShellScriptBuildPhase;
			buildActionMask = 2147483647;
			files = (
			);
			inputPaths = (
			);
			name = "[CP] Embed Pods Frameworks";
			outputPaths = (
			);
			runOnlyForDeploymentPostprocessing = 0;
			shellPath = /bin/sh;
			shellScript = "\"${SRCROOT}/Pods/Target Support Files/Pods-MiaoShowSwift/Pods-MiaoShowSwift-frameworks.sh\"\n";
			showEnvVarsInLog = 0;
		};
		D1CEECD9B2E295F24E96187A /* [CP] Copy Pods Resources */ = {
			isa = PBXShellScriptBuildPhase;
			buildActionMask = 2147483647;
			files = (
			);
			inputPaths = (
			);
			name = "[CP] Copy Pods Resources";
			outputPaths = (
			);
			runOnlyForDeploymentPostprocessing = 0;
			shellPath = /bin/sh;
			shellScript = "\"${SRCROOT}/Pods/Target Support Files/Pods-MiaoShowSwift/Pods-MiaoShowSwift-resources.sh\"\n";
			showEnvVarsInLog = 0;
		};
/* End PBXShellScriptBuildPhase section */

/* Begin PBXSourcesBuildPhase section */
		B953369E20172BD100B74B9C /* Sources */ = {
			isa = PBXSourcesBuildPhase;
			buildActionMask = 2147483647;
			files = (
				B90EB9FF20244DE300CA3EAC /* ZCAttentionViewController.swift in Sources */,
				B9802E29202090AE001A871E /* UIColor+ZCExtension.swift in Sources */,
				B90EBA23202984BD00CA3EAC /* ZCMyInfoCellModel.swift in Sources */,
				B95336E7201744B100B74B9C /* AppDelegate.swift in Sources */,
				B9533707201987B200B74B9C /* ZCHomeViewController.swift in Sources */,
				B95336FC20185E9500B74B9C /* ZCCircleTimerView.swift in Sources */,
				B993E706202AE6A400259599 /* ZCLiveCollectionViewCell.swift in Sources */,
				B9FF0582202C3BF200C3DA39 /* ZCLiveInfomationView.swift in Sources */,
				B9533702201985C400B74B9C /* ZCBaseNavigationViewController.swift in Sources */,
				B9802E2020204497001A871E /* ZCHotLiveCollectionViewCell.swift in Sources */,
				B9773C5A2019C2AA00C137A0 /* ZCAccount.swift in Sources */,
				B993E709202B02A200259599 /* UIImage+ZCExtension.swift in Sources */,
				B9802DF4201B056C001A871E /* ZCHotViewController.swift in Sources */,
				B9FF058A202C559E00C3DA39 /* ZCChaoyangUser.swift in Sources */,
				B90EBA08202450DF00CA3EAC /* ZCLiveRankViewController.swift in Sources */,
				B9FF0584202C498F00C3DA39 /* ZCChaoyangUsersView.swift in Sources */,
				B95336EC201746D900B74B9C /* ZCAdManager.swift in Sources */,
				B90EBA27202986F800CA3EAC /* ZCMyInfoCellDataSourceManager.swift in Sources */,
				B95336F12017596F00B74B9C /* ZCAccountManager.swift in Sources */,
				B9802E1E201F2A74001A871E /* ZCBannerListModel.swift in Sources */,
				B9A247FC2021AAA500F45870 /* ZCAnimateNavAndTabViewController.swift in Sources */,
				B95336E9201744FE00B74B9C /* ZCAppControllerManager.swift in Sources */,
				B9802E1C201F1C33001A871E /* ZCLiveListModel.swift in Sources */,
				B9FF0592202D75ED00C3DA39 /* ZCPraiseEmitterLayer.swift in Sources */,
				B95336E32017368B00B74B9C /* ZCAdViewController.swift in Sources */,
				B90EBA1E2029839600CA3EAC /* ZCMyInfoCell.swift in Sources */,
				B90EBA0C20245D2B00CA3EAC /* ZCEaseBlankPageView.swift in Sources */,
				B95336F5201825AD00B74B9C /* ZCSystemInfoTool.swift in Sources */,
				B9802E0E201F0EF4001A871E /* ZCApiService.swift in Sources */,
				B95336DD2017329300B74B9C /* ZCBaseViewController.swift in Sources */,
				B9802E09201B2CFE001A871E /* ZCBannerView.swift in Sources */,
				B95337002019850A00B74B9C /* ZCMainViewController.swift in Sources */,
				B9802DF6201B0581001A871E /* ZCNewestViewController.swift in Sources */,
				B9802E10201F13F9001A871E /* ZCApiServiceManager.swift in Sources */,
				B90EBA1C2028584100CA3EAC /* ZCMyInformationHeaderView.swift in Sources */,
				B953370A2019A41F00B74B9C /* ZCMyViewController.swift in Sources */,
				B90EBA0120244E7E00CA3EAC /* ZCShortVideosViewController.swift in Sources */,
				B90EBA192028396C00CA3EAC /* ZCTabBarItemButton.swift in Sources */,
				B9802E2520206034001A871E /* UIScrollView+ZCRefresh.swift in Sources */,
				B90EBA17202833D600CA3EAC /* NString+ZCExtension.swift in Sources */,
				B90EBA0520244EA500CA3EAC /* ZCActivityViewController.swift in Sources */,
				B90EBA132028026D00CA3EAC /* ZCTabBarView.swift in Sources */,
				B95336DF201732DC00B74B9C /* ZCLoginViewController.swift in Sources */,
				B91AF9F6202404510049D996 /* ZCNewestCollectionViewCell.swift in Sources */,
				B993E70B202C1EE700259599 /* ZCLiveToolView.swift in Sources */,
				B9802E01201B1636001A871E /* UIView+ZCFrame.swift in Sources */,
				B9773C62201AC5D800C137A0 /* ZCHomeCategoryTitleView.swift in Sources */,
				B95336F92018568000B74B9C /* UIImageView+ZCCache.swift in Sources */,
				B91AF9F82024080B0049D996 /* ZCNewestListModel.swift in Sources */,
				B9802E12201F160C001A871E /* NetworkLoggerPlugin+Extension.swift in Sources */,
				B90EBA0320244E8D00CA3EAC /* ZCGameViewController.swift in Sources */,
				B9802E19201F1B20001A871E /* ZCBaseResponseModel.swift in Sources */,
				B9773C5D2019DAD200C137A0 /* UIView+ZCHud.swift in Sources */,
				B90EBA0A20245B5C00CA3EAC /* UIView+ZCEaseBlankPageView.swift in Sources */,
				B9802DFF201B08D3001A871E /* CommonDefine.swift in Sources */,
				B9802E03201B22D5001A871E /* ZCHotBannerCollectionViewCell.swift in Sources */,
				B993E700202A9ED800259599 /* ZCLiveViewController.swift in Sources */,
			);
			runOnlyForDeploymentPostprocessing = 0;
		};
		B95336B220172BD100B74B9C /* Sources */ = {
			isa = PBXSourcesBuildPhase;
			buildActionMask = 2147483647;
			files = (
				B95336BB20172BD100B74B9C /* MiaoShowSwiftTests.swift in Sources */,
			);
			runOnlyForDeploymentPostprocessing = 0;
		};
		B95336BD20172BD100B74B9C /* Sources */ = {
			isa = PBXSourcesBuildPhase;
			buildActionMask = 2147483647;
			files = (
				B95336C620172BD100B74B9C /* MiaoShowSwiftUITests.swift in Sources */,
			);
			runOnlyForDeploymentPostprocessing = 0;
		};
/* End PBXSourcesBuildPhase section */

/* Begin PBXTargetDependency section */
		B95336B820172BD100B74B9C /* PBXTargetDependency */ = {
			isa = PBXTargetDependency;
			target = B95336A120172BD100B74B9C /* MiaoShowSwift */;
			targetProxy = B95336B720172BD100B74B9C /* PBXContainerItemProxy */;
		};
		B95336C320172BD100B74B9C /* PBXTargetDependency */ = {
			isa = PBXTargetDependency;
			target = B95336A120172BD100B74B9C /* MiaoShowSwift */;
			targetProxy = B95336C220172BD100B74B9C /* PBXContainerItemProxy */;
		};
/* End PBXTargetDependency section */

/* Begin XCBuildConfiguration section */
		B95336C820172BD100B74B9C /* Debug */ = {
			isa = XCBuildConfiguration;
			buildSettings = {
				ALWAYS_SEARCH_USER_PATHS = NO;
				CLANG_ANALYZER_NONNULL = YES;
				CLANG_ANALYZER_NUMBER_OBJECT_CONVERSION = YES_AGGRESSIVE;
				CLANG_CXX_LANGUAGE_STANDARD = "gnu++14";
				CLANG_CXX_LIBRARY = "libc++";
				CLANG_ENABLE_MODULES = YES;
				CLANG_ENABLE_OBJC_ARC = YES;
				CLANG_WARN_BLOCK_CAPTURE_AUTORELEASING = YES;
				CLANG_WARN_BOOL_CONVERSION = YES;
				CLANG_WARN_COMMA = YES;
				CLANG_WARN_CONSTANT_CONVERSION = YES;
				CLANG_WARN_DIRECT_OBJC_ISA_USAGE = YES_ERROR;
				CLANG_WARN_DOCUMENTATION_COMMENTS = YES;
				CLANG_WARN_EMPTY_BODY = YES;
				CLANG_WARN_ENUM_CONVERSION = YES;
				CLANG_WARN_INFINITE_RECURSION = YES;
				CLANG_WARN_INT_CONVERSION = YES;
				CLANG_WARN_NON_LITERAL_NULL_CONVERSION = YES;
				CLANG_WARN_OBJC_LITERAL_CONVERSION = YES;
				CLANG_WARN_OBJC_ROOT_CLASS = YES_ERROR;
				CLANG_WARN_RANGE_LOOP_ANALYSIS = YES;
				CLANG_WARN_STRICT_PROTOTYPES = YES;
				CLANG_WARN_SUSPICIOUS_MOVE = YES;
				CLANG_WARN_UNGUARDED_AVAILABILITY = YES_AGGRESSIVE;
				CLANG_WARN_UNREACHABLE_CODE = YES;
				CLANG_WARN__DUPLICATE_METHOD_MATCH = YES;
				CODE_SIGN_IDENTITY = "iPhone Developer";
				COPY_PHASE_STRIP = NO;
				DEBUG_INFORMATION_FORMAT = dwarf;
				ENABLE_STRICT_OBJC_MSGSEND = YES;
				ENABLE_TESTABILITY = YES;
				GCC_C_LANGUAGE_STANDARD = gnu11;
				GCC_DYNAMIC_NO_PIC = NO;
				GCC_NO_COMMON_BLOCKS = YES;
				GCC_OPTIMIZATION_LEVEL = 0;
				GCC_PREPROCESSOR_DEFINITIONS = (
					"DEBUG=1",
					"$(inherited)",
				);
				GCC_WARN_64_TO_32_BIT_CONVERSION = YES;
				GCC_WARN_ABOUT_RETURN_TYPE = YES_ERROR;
				GCC_WARN_UNDECLARED_SELECTOR = YES;
				GCC_WARN_UNINITIALIZED_AUTOS = YES_AGGRESSIVE;
				GCC_WARN_UNUSED_FUNCTION = YES;
				GCC_WARN_UNUSED_VARIABLE = YES;
				IPHONEOS_DEPLOYMENT_TARGET = 11.2;
				MTL_ENABLE_DEBUG_INFO = YES;
				ONLY_ACTIVE_ARCH = YES;
				SDKROOT = iphoneos;
				SWIFT_ACTIVE_COMPILATION_CONDITIONS = DEBUG;
				SWIFT_OPTIMIZATION_LEVEL = "-Onone";
			};
			name = Debug;
		};
		B95336C920172BD100B74B9C /* Release */ = {
			isa = XCBuildConfiguration;
			buildSettings = {
				ALWAYS_SEARCH_USER_PATHS = NO;
				CLANG_ANALYZER_NONNULL = YES;
				CLANG_ANALYZER_NUMBER_OBJECT_CONVERSION = YES_AGGRESSIVE;
				CLANG_CXX_LANGUAGE_STANDARD = "gnu++14";
				CLANG_CXX_LIBRARY = "libc++";
				CLANG_ENABLE_MODULES = YES;
				CLANG_ENABLE_OBJC_ARC = YES;
				CLANG_WARN_BLOCK_CAPTURE_AUTORELEASING = YES;
				CLANG_WARN_BOOL_CONVERSION = YES;
				CLANG_WARN_COMMA = YES;
				CLANG_WARN_CONSTANT_CONVERSION = YES;
				CLANG_WARN_DIRECT_OBJC_ISA_USAGE = YES_ERROR;
				CLANG_WARN_DOCUMENTATION_COMMENTS = YES;
				CLANG_WARN_EMPTY_BODY = YES;
				CLANG_WARN_ENUM_CONVERSION = YES;
				CLANG_WARN_INFINITE_RECURSION = YES;
				CLANG_WARN_INT_CONVERSION = YES;
				CLANG_WARN_NON_LITERAL_NULL_CONVERSION = YES;
				CLANG_WARN_OBJC_LITERAL_CONVERSION = YES;
				CLANG_WARN_OBJC_ROOT_CLASS = YES_ERROR;
				CLANG_WARN_RANGE_LOOP_ANALYSIS = YES;
				CLANG_WARN_STRICT_PROTOTYPES = YES;
				CLANG_WARN_SUSPICIOUS_MOVE = YES;
				CLANG_WARN_UNGUARDED_AVAILABILITY = YES_AGGRESSIVE;
				CLANG_WARN_UNREACHABLE_CODE = YES;
				CLANG_WARN__DUPLICATE_METHOD_MATCH = YES;
				CODE_SIGN_IDENTITY = "iPhone Developer";
				COPY_PHASE_STRIP = NO;
				DEBUG_INFORMATION_FORMAT = "dwarf-with-dsym";
				ENABLE_NS_ASSERTIONS = NO;
				ENABLE_STRICT_OBJC_MSGSEND = YES;
				GCC_C_LANGUAGE_STANDARD = gnu11;
				GCC_NO_COMMON_BLOCKS = YES;
				GCC_WARN_64_TO_32_BIT_CONVERSION = YES;
				GCC_WARN_ABOUT_RETURN_TYPE = YES_ERROR;
				GCC_WARN_UNDECLARED_SELECTOR = YES;
				GCC_WARN_UNINITIALIZED_AUTOS = YES_AGGRESSIVE;
				GCC_WARN_UNUSED_FUNCTION = YES;
				GCC_WARN_UNUSED_VARIABLE = YES;
				IPHONEOS_DEPLOYMENT_TARGET = 11.2;
				MTL_ENABLE_DEBUG_INFO = NO;
				SDKROOT = iphoneos;
				SWIFT_OPTIMIZATION_LEVEL = "-Owholemodule";
				VALIDATE_PRODUCT = YES;
			};
			name = Release;
		};
		B95336CB20172BD100B74B9C /* Debug */ = {
			isa = XCBuildConfiguration;
			baseConfigurationReference = 357275C25F68F96FC7F55798 /* Pods-MiaoShowSwift.debug.xcconfig */;
			buildSettings = {
				ASSETCATALOG_COMPILER_APPICON_NAME = AppIcon;
				ASSETCATALOG_COMPILER_LAUNCHIMAGE_NAME = LaunchImage;
				CLANG_ENABLE_MODULES = YES;
				CODE_SIGN_STYLE = Manual;
				DEVELOPMENT_TEAM = 55ZX76FW78;
				FRAMEWORK_SEARCH_PATHS = (
					"$(inherited)",
					"$(PROJECT_DIR)/MiaoShowSwift/Frameworks",
				);
				INFOPLIST_FILE = MiaoShowSwift/Info.plist;
				IPHONEOS_DEPLOYMENT_TARGET = 8.0;
				LD_RUNPATH_SEARCH_PATHS = "$(inherited) @executable_path/Frameworks";
				OTHER_LDFLAGS = (
					"$(inherited)",
					"-framework",
					"\"Alamofire\"",
					"-framework",
					"\"Cache\"",
					"-framework",
					"\"HandyJSON\"",
					"-framework",
					"\"IQKeyboardManagerSwift\"",
					"-framework",
					"\"Kingfisher\"",
					"-framework",
					"\"MBProgressHUD\"",
					"-framework",
					"\"MJRefresh\"",
					"-framework",
					"\"Moya\"",
					"-framework",
					"\"Result\"",
					"-framework",
					"\"SnapKit\"",
					"-fobjc-arc",
				);
				PRODUCT_BUNDLE_IDENTIFIER = com.zclemo.miaoshow;
				PRODUCT_NAME = "$(TARGET_NAME)";
				PROVISIONING_PROFILE = "bea50b63-741f-40db-bf79-6485c4fb3f73";
				PROVISIONING_PROFILE_SPECIFIER = dev_provision_all;
				SWIFT_OBJC_BRIDGING_HEADER = "MiaoShowSwift/MiaoShowSwift-Bridging-Header.h";
				SWIFT_OPTIMIZATION_LEVEL = "-Onone";
				SWIFT_VERSION = 4.0;
				TARGETED_DEVICE_FAMILY = 1;
			};
			name = Debug;
		};
		B95336CC20172BD100B74B9C /* Release */ = {
			isa = XCBuildConfiguration;
			baseConfigurationReference = 6F4E7271C9778A83CF68B2A2 /* Pods-MiaoShowSwift.release.xcconfig */;
			buildSettings = {
				ASSETCATALOG_COMPILER_APPICON_NAME = AppIcon;
				ASSETCATALOG_COMPILER_LAUNCHIMAGE_NAME = LaunchImage;
				CLANG_ENABLE_MODULES = YES;
				CODE_SIGN_STYLE = Manual;
				DEVELOPMENT_TEAM = 55ZX76FW78;
				FRAMEWORK_SEARCH_PATHS = (
					"$(inherited)",
					"$(PROJECT_DIR)/MiaoShowSwift/Frameworks",
				);
				INFOPLIST_FILE = MiaoShowSwift/Info.plist;
				IPHONEOS_DEPLOYMENT_TARGET = 8.0;
				LD_RUNPATH_SEARCH_PATHS = "$(inherited) @executable_path/Frameworks";
				OTHER_LDFLAGS = (
					"$(inherited)",
					"-framework",
					"\"Alamofire\"",
					"-framework",
					"\"Cache\"",
					"-framework",
					"\"HandyJSON\"",
					"-framework",
					"\"IQKeyboardManagerSwift\"",
					"-framework",
					"\"Kingfisher\"",
					"-framework",
					"\"MBProgressHUD\"",
					"-framework",
					"\"MJRefresh\"",
					"-framework",
					"\"Moya\"",
					"-framework",
					"\"Result\"",
					"-framework",
					"\"SnapKit\"",
					"-fobjc-arc",
				);
				PRODUCT_BUNDLE_IDENTIFIER = com.zclemo.miaoshow;
				PRODUCT_NAME = "$(TARGET_NAME)";
				PROVISIONING_PROFILE = "bea50b63-741f-40db-bf79-6485c4fb3f73";
				PROVISIONING_PROFILE_SPECIFIER = dev_provision_all;
				SWIFT_OBJC_BRIDGING_HEADER = "MiaoShowSwift/MiaoShowSwift-Bridging-Header.h";
				SWIFT_VERSION = 4.0;
				TARGETED_DEVICE_FAMILY = 1;
			};
			name = Release;
		};
		B95336CE20172BD100B74B9C /* Debug */ = {
			isa = XCBuildConfiguration;
			buildSettings = {
				ALWAYS_EMBED_SWIFT_STANDARD_LIBRARIES = YES;
				BUNDLE_LOADER = "$(TEST_HOST)";
				CODE_SIGN_STYLE = Automatic;
				INFOPLIST_FILE = MiaoShowSwiftTests/Info.plist;
				LD_RUNPATH_SEARCH_PATHS = "$(inherited) @executable_path/Frameworks @loader_path/Frameworks";
				PRODUCT_BUNDLE_IDENTIFIER = leadbank.MiaoShowSwiftTests;
				PRODUCT_NAME = "$(TARGET_NAME)";
				SWIFT_VERSION = 4.0;
				TARGETED_DEVICE_FAMILY = "1,2";
				TEST_HOST = "$(BUILT_PRODUCTS_DIR)/MiaoShowSwift.app/MiaoShowSwift";
			};
			name = Debug;
		};
		B95336CF20172BD100B74B9C /* Release */ = {
			isa = XCBuildConfiguration;
			buildSettings = {
				ALWAYS_EMBED_SWIFT_STANDARD_LIBRARIES = YES;
				BUNDLE_LOADER = "$(TEST_HOST)";
				CODE_SIGN_STYLE = Automatic;
				INFOPLIST_FILE = MiaoShowSwiftTests/Info.plist;
				LD_RUNPATH_SEARCH_PATHS = "$(inherited) @executable_path/Frameworks @loader_path/Frameworks";
				PRODUCT_BUNDLE_IDENTIFIER = leadbank.MiaoShowSwiftTests;
				PRODUCT_NAME = "$(TARGET_NAME)";
				SWIFT_VERSION = 4.0;
				TARGETED_DEVICE_FAMILY = "1,2";
				TEST_HOST = "$(BUILT_PRODUCTS_DIR)/MiaoShowSwift.app/MiaoShowSwift";
			};
			name = Release;
		};
		B95336D120172BD100B74B9C /* Debug */ = {
			isa = XCBuildConfiguration;
			buildSettings = {
				ALWAYS_EMBED_SWIFT_STANDARD_LIBRARIES = YES;
				CODE_SIGN_STYLE = Automatic;
				INFOPLIST_FILE = MiaoShowSwiftUITests/Info.plist;
				LD_RUNPATH_SEARCH_PATHS = "$(inherited) @executable_path/Frameworks @loader_path/Frameworks";
				PRODUCT_BUNDLE_IDENTIFIER = leadbank.MiaoShowSwiftUITests;
				PRODUCT_NAME = "$(TARGET_NAME)";
				SWIFT_VERSION = 4.0;
				TARGETED_DEVICE_FAMILY = "1,2";
				TEST_TARGET_NAME = MiaoShowSwift;
			};
			name = Debug;
		};
		B95336D220172BD100B74B9C /* Release */ = {
			isa = XCBuildConfiguration;
			buildSettings = {
				ALWAYS_EMBED_SWIFT_STANDARD_LIBRARIES = YES;
				CODE_SIGN_STYLE = Automatic;
				INFOPLIST_FILE = MiaoShowSwiftUITests/Info.plist;
				LD_RUNPATH_SEARCH_PATHS = "$(inherited) @executable_path/Frameworks @loader_path/Frameworks";
				PRODUCT_BUNDLE_IDENTIFIER = leadbank.MiaoShowSwiftUITests;
				PRODUCT_NAME = "$(TARGET_NAME)";
				SWIFT_VERSION = 4.0;
				TARGETED_DEVICE_FAMILY = "1,2";
				TEST_TARGET_NAME = MiaoShowSwift;
			};
			name = Release;
		};
/* End XCBuildConfiguration section */

/* Begin XCConfigurationList section */
		B953369D20172BD100B74B9C /* Build configuration list for PBXProject "MiaoShowSwift" */ = {
			isa = XCConfigurationList;
			buildConfigurations = (
				B95336C820172BD100B74B9C /* Debug */,
				B95336C920172BD100B74B9C /* Release */,
			);
			defaultConfigurationIsVisible = 0;
			defaultConfigurationName = Release;
		};
		B95336CA20172BD100B74B9C /* Build configuration list for PBXNativeTarget "MiaoShowSwift" */ = {
			isa = XCConfigurationList;
			buildConfigurations = (
				B95336CB20172BD100B74B9C /* Debug */,
				B95336CC20172BD100B74B9C /* Release */,
			);
			defaultConfigurationIsVisible = 0;
			defaultConfigurationName = Release;
		};
		B95336CD20172BD100B74B9C /* Build configuration list for PBXNativeTarget "MiaoShowSwiftTests" */ = {
			isa = XCConfigurationList;
			buildConfigurations = (
				B95336CE20172BD100B74B9C /* Debug */,
				B95336CF20172BD100B74B9C /* Release */,
			);
			defaultConfigurationIsVisible = 0;
			defaultConfigurationName = Release;
		};
		B95336D020172BD100B74B9C /* Build configuration list for PBXNativeTarget "MiaoShowSwiftUITests" */ = {
			isa = XCConfigurationList;
			buildConfigurations = (
				B95336D120172BD100B74B9C /* Debug */,
				B95336D220172BD100B74B9C /* Release */,
			);
			defaultConfigurationIsVisible = 0;
			defaultConfigurationName = Release;
		};
/* End XCConfigurationList section */
	};
	rootObject = B953369A20172BD100B74B9C /* Project object */;
}
